// !$*UTF8*$!
{
	archiveVersion = 1;
	classes = {
	};
	objectVersion = 50;
	objects = {

/* Begin PBXBuildFile section */
		D1B978C723F9C95D001C8EA4 /* AppDelegate.swift in Sources */ = {isa = PBXBuildFile; fileRef = D1B978C623F9C95D001C8EA4 /* AppDelegate.swift */; };
		D1B978C923F9C95D001C8EA4 /* SceneDelegate.swift in Sources */ = {isa = PBXBuildFile; fileRef = D1B978C823F9C95D001C8EA4 /* SceneDelegate.swift */; };
		D1B978CB23F9C95D001C8EA4 /* ViewController.swift in Sources */ = {isa = PBXBuildFile; fileRef = D1B978CA23F9C95D001C8EA4 /* ViewController.swift */; };
		D1B978CE23F9C95D001C8EA4 /* Main.storyboard in Resources */ = {isa = PBXBuildFile; fileRef = D1B978CC23F9C95D001C8EA4 /* Main.storyboard */; };
		D1B978D023F9C95E001C8EA4 /* Assets.xcassets in Resources */ = {isa = PBXBuildFile; fileRef = D1B978CF23F9C95E001C8EA4 /* Assets.xcassets */; };
		D1B978D323F9C95E001C8EA4 /* LaunchScreen.storyboard in Resources */ = {isa = PBXBuildFile; fileRef = D1B978D123F9C95E001C8EA4 /* LaunchScreen.storyboard */; };
		D1B978DB23F9CA12001C8EA4 /* Redux.swift in Sources */ = {isa = PBXBuildFile; fileRef = D1B978DA23F9CA12001C8EA4 /* Redux.swift */; };
		D1B978DD23F9CABD001C8EA4 /* Setting.swift in Sources */ = {isa = PBXBuildFile; fileRef = D1B978DC23F9CABD001C8EA4 /* Setting.swift */; };
/* End PBXBuildFile section */

/* Begin PBXFileReference section */
		D1B978C323F9C95D001C8EA4 /* DarkModeSwitchRedux.app */ = {isa = PBXFileReference; explicitFileType = wrapper.application; includeInIndex = 0; path = DarkModeSwitchRedux.app; sourceTree = BUILT_PRODUCTS_DIR; };
		D1B978C623F9C95D001C8EA4 /* AppDelegate.swift */ = {isa = PBXFileReference; lastKnownFileType = sourcecode.swift; path = AppDelegate.swift; sourceTree = "<group>"; };
		D1B978C823F9C95D001C8EA4 /* SceneDelegate.swift */ = {isa = PBXFileReference; lastKnownFileType = sourcecode.swift; path = SceneDelegate.swift; sourceTree = "<group>"; };
		D1B978CA23F9C95D001C8EA4 /* ViewController.swift */ = {isa = PBXFileReference; lastKnownFileType = sourcecode.swift; path = ViewController.swift; sourceTree = "<group>"; };
		D1B978CD23F9C95D001C8EA4 /* Base */ = {isa = PBXFileReference; lastKnownFileType = file.storyboard; name = Base; path = Base.lproj/Main.storyboard; sourceTree = "<group>"; };
		D1B978CF23F9C95E001C8EA4 /* Assets.xcassets */ = {isa = PBXFileReference; lastKnownFileType = folder.assetcatalog; path = Assets.xcassets; sourceTree = "<group>"; };
		D1B978D223F9C95E001C8EA4 /* Base */ = {isa = PBXFileReference; lastKnownFileType = file.storyboard; name = Base; path = Base.lproj/LaunchScreen.storyboard; sourceTree = "<group>"; };
		D1B978D423F9C95E001C8EA4 /* Info.plist */ = {isa = PBXFileReference; lastKnownFileType = text.plist.xml; path = Info.plist; sourceTree = "<group>"; };
		D1B978DA23F9CA12001C8EA4 /* Redux.swift */ = {isa = PBXFileReference; lastKnownFileType = sourcecode.swift; path = Redux.swift; sourceTree = "<group>"; };
		D1B978DC23F9CABD001C8EA4 /* Setting.swift */ = {isa = PBXFileReference; lastKnownFileType = sourcecode.swift; path = Setting.swift; sourceTree = "<group>"; };
/* End PBXFileReference section */

/* Begin PBXFrameworksBuildPhase section */
		D1B978C023F9C95D001C8EA4 /* Frameworks */ = {
			isa = PBXFrameworksBuildPhase;
			buildActionMask = 2147483647;
			files = (
			);
			runOnlyForDeploymentPostprocessing = 0;
		};
/* End PBXFrameworksBuildPhase section */

/* Begin PBXGroup section */
		D1B978BA23F9C95D001C8EA4 = {
			isa = PBXGroup;
			children = (
				D1B978C523F9C95D001C8EA4 /* DarkModeSwitchRedux */,
				D1B978C423F9C95D001C8EA4 /* Products */,
			);
			sourceTree = "<group>";
		};
		D1B978C423F9C95D001C8EA4 /* Products */ = {
			isa = PBXGroup;
			children = (
				D1B978C323F9C95D001C8EA4 /* DarkModeSwitchRedux.app */,
			);
			name = Products;
			sourceTree = "<group>";
		};
		D1B978C523F9C95D001C8EA4 /* DarkModeSwitchRedux */ = {
			isa = PBXGroup;
			children = (
				D1B978C623F9C95D001C8EA4 /* AppDelegate.swift */,
				D1B978C823F9C95D001C8EA4 /* SceneDelegate.swift */,
				D1B978CA23F9C95D001C8EA4 /* ViewController.swift */,
				D1B978CC23F9C95D001C8EA4 /* Main.storyboard */,
				D1B978CF23F9C95E001C8EA4 /* Assets.xcassets */,
				D1B978D123F9C95E001C8EA4 /* LaunchScreen.storyboard */,
				D1B978D423F9C95E001C8EA4 /* Info.plist */,
				D1B978DA23F9CA12001C8EA4 /* Redux.swift */,
				D1B978DC23F9CABD001C8EA4 /* Setting.swift */,
			);
			path = DarkModeSwitchRedux;
			sourceTree = "<group>";
		};
/* End PBXGroup section */

/* Begin PBXNativeTarget section */
		D1B978C223F9C95D001C8EA4 /* DarkModeSwitchRedux */ = {
			isa = PBXNativeTarget;
			buildConfigurationList = D1B978D723F9C95E001C8EA4 /* Build configuration list for PBXNativeTarget "DarkModeSwitchRedux" */;
			buildPhases = (
				D1B978BF23F9C95D001C8EA4 /* Sources */,
				D1B978C023F9C95D001C8EA4 /* Frameworks */,
				D1B978C123F9C95D001C8EA4 /* Resources */,
			);
			buildRules = (
			);
			dependencies = (
			);
			name = DarkModeSwitchRedux;
			productName = DarkModeSwitchRedux;
			productReference = D1B978C323F9C95D001C8EA4 /* DarkModeSwitchRedux.app */;
			productType = "com.apple.product-type.application";
		};
/* End PBXNativeTarget section */

/* Begin PBXProject section */
		D1B978BB23F9C95D001C8EA4 /* Project object */ = {
			isa = PBXProject;
			attributes = {
				LastSwiftUpdateCheck = 1130;
				LastUpgradeCheck = 1130;
				ORGANIZATIONNAME = YupinHuPro;
				TargetAttributes = {
					D1B978C223F9C95D001C8EA4 = {
						CreatedOnToolsVersion = 11.3.1;
					};
				};
			};
			buildConfigurationList = D1B978BE23F9C95D001C8EA4 /* Build configuration list for PBXProject "DarkModeSwitchRedux" */;
			compatibilityVersion = "Xcode 9.3";
			developmentRegion = en;
			hasScannedForEncodings = 0;
			knownRegions = (
				en,
				Base,
			);
			mainGroup = D1B978BA23F9C95D001C8EA4;
			productRefGroup = D1B978C423F9C95D001C8EA4 /* Products */;
			projectDirPath = "";
			projectRoot = "";
			targets = (
				D1B978C223F9C95D001C8EA4 /* DarkModeSwitchRedux */,
			);
		};
/* End PBXProject section */

/* Begin PBXResourcesBuildPhase section */
		D1B978C123F9C95D001C8EA4 /* Resources */ = {
			isa = PBXResourcesBuildPhase;
			buildActionMask = 2147483647;
			files = (
				D1B978D323F9C95E001C8EA4 /* LaunchScreen.storyboard in Resources */,
				D1B978D023F9C95E001C8EA4 /* Assets.xcassets in Resources */,
				D1B978CE23F9C95D001C8EA4 /* Main.storyboard in Resources */,
			);
			runOnlyForDeploymentPostprocessing = 0;
		};
/* End PBXResourcesBuildPhase section */

/* Begin PBXSourcesBuildPhase section */
		D1B978BF23F9C95D001C8EA4 /* Sources */ = {
			isa = PBXSourcesBuildPhase;
			buildActionMask = 2147483647;
			files = (
				D1B978DD23F9CABD001C8EA4 /* Setting.swift in Sources */,
				D1B978CB23F9C95D001C8EA4 /* ViewController.swift in Sources */,
				D1B978C723F9C95D001C8EA4 /* AppDelegate.swift in Sources */,
				D1B978DB23F9CA12001C8EA4 /* Redux.swift in Sources */,
				D1B978C923F9C95D001C8EA4 /* SceneDelegate.swift in Sources */,
			);
			runOnlyForDeploymentPostprocessing = 0;
		};
/* End PBXSourcesBuildPhase section */

/* Begin PBXVariantGroup section */
		D1B978CC23F9C95D001C8EA4 /* Main.storyboard */ = {
			isa = PBXVariantGroup;
			children = (
				D1B978CD23F9C95D001C8EA4 /* Base */,
			);
			name = Main.storyboard;
			sourceTree = "<group>";
		};
		D1B978D123F9C95E001C8EA4 /* LaunchScreen.storyboard */ = {
			isa = PBXVariantGroup;
			children = (
				D1B978D223F9C95E001C8EA4 /* Base */,
			);
			name = LaunchScreen.storyboard;
			sourceTree = "<group>";
		};
/* End PBXVariantGroup section */

/* Begin XCBuildConfiguration section */
		D1B978D523F9C95E001C8EA4 /* Debug */ = {
			isa = XCBuildConfiguration;
			buildSettings = {
				ALWAYS_SEARCH_USER_PATHS = NO;
				CLANG_ANALYZER_NONNULL = YES;
				CLANG_ANALYZER_NUMBER_OBJECT_CONVERSION = YES_AGGRESSIVE;
				CLANG_CXX_LANGUAGE_STANDARD = "gnu++14";
				CLANG_CXX_LIBRARY = "libc++";
				CLANG_ENABLE_MODULES = YES;
				CLANG_ENABLE_OBJC_ARC = YES;
				CLANG_ENABLE_OBJC_WEAK = YES;
				CLANG_WARN_BLOCK_CAPTURE_AUTORELEASING = YES;
				CLANG_WARN_BOOL_CONVERSION = YES;
				CLANG_WARN_COMMA = YES;
				CLANG_WARN_CONSTANT_CONVERSION = YES;
				CLANG_WARN_DEPRECATED_OBJC_IMPLEMENTATIONS = YES;
				CLANG_WARN_DIRECT_OBJC_ISA_USAGE = YES_ERROR;
				CLANG_WARN_DOCUMENTATION_COMMENTS = YES;
				CLANG_WARN_EMPTY_BODY = YES;
				CLANG_WARN_ENUM_CONVERSION = YES;
				CLANG_WARN_INFINITE_RECURSION = YES;
				CLANG_WARN_INT_CONVERSION = YES;
				CLANG_WARN_NON_LITERAL_NULL_CONVERSION = YES;
				CLANG_WARN_OBJC_IMPLICIT_RETAIN_SELF = YES;
				CLANG_WARN_OBJC_LITERAL_CONVERSION = YES;
				CLANG_WARN_OBJC_ROOT_CLASS = YES_ERROR;
				CLANG_WARN_RANGE_LOOP_ANALYSIS = YES;
				CLANG_WARN_STRICT_PROTOTYPES = YES;
				CLANG_WARN_SUSPICIOUS_MOVE = YES;
				CLANG_WARN_UNGUARDED_AVAILABILITY = YES_AGGRESSIVE;
				CLANG_WARN_UNREACHABLE_CODE = YES;
				CLANG_WARN__DUPLICATE_METHOD_MATCH = YES;
				COPY_PHASE_STRIP = NO;
				DEBUG_INFORMATION_FORMAT = dwarf;
				ENABLE_STRICT_OBJC_MSGSEND = YES;
				ENABLE_TESTABILITY = YES;
				GCC_C_LANGUAGE_STANDARD = gnu11;
				GCC_DYNAMIC_NO_PIC = NO;
				GCC_NO_COMMON_BLOCKS = YES;
				GCC_OPTIMIZATION_LEVEL = 0;
				GCC_PREPROCESSOR_DEFINITIONS = (
					"DEBUG=1",
					"$(inherited)",
				);
				GCC_WARN_64_TO_32_BIT_CONVERSION = YES;
				GCC_WARN_ABOUT_RETURN_TYPE = YES_ERROR;
				GCC_WARN_UNDECLARED_SELECTOR = YES;
				GCC_WARN_UNINITIALIZED_AUTOS = YES_AGGRESSIVE;
				GCC_WARN_UNUSED_FUNCTION = YES;
				GCC_WARN_UNUSED_VARIABLE = YES;
				IPHONEOS_DEPLOYMENT_TARGET = 13.2;
				MTL_ENABLE_DEBUG_INFO = INCLUDE_SOURCE;
				MTL_FAST_MATH = YES;
				ONLY_ACTIVE_ARCH = YES;
				SDKROOT = iphoneos;
				SWIFT_ACTIVE_COMPILATION_CONDITIONS = DEBUG;
				SWIFT_OPTIMIZATION_LEVEL = "-Onone";
			};
			name = Debug;
		};
		D1B978D623F9C95E001C8EA4 /* Release */ = {
			isa = XCBuildConfiguration;
			buildSettings = {
				ALWAYS_SEARCH_USER_PATHS = NO;
				CLANG_ANALYZER_NONNULL = YES;
				CLANG_ANALYZER_NUMBER_OBJECT_CONVERSION = YES_AGGRESSIVE;
				CLANG_CXX_LANGUAGE_STANDARD = "gnu++14";
				CLANG_CXX_LIBRARY = "libc++";
				CLANG_ENABLE_MODULES = YES;
				CLANG_ENABLE_OBJC_ARC = YES;
				CLANG_ENABLE_OBJC_WEAK = YES;
				CLANG_WARN_BLOCK_CAPTURE_AUTORELEASING = YES;
				CLANG_WARN_BOOL_CONVERSION = YES;
				CLANG_WARN_COMMA = YES;
				CLANG_WARN_CONSTANT_CONVERSION = YES;
				CLANG_WARN_DEPRECATED_OBJC_IMPLEMENTATIONS = YES;
				CLANG_WARN_DIRECT_OBJC_ISA_USAGE = YES_ERROR;
				CLANG_WARN_DOCUMENTATION_COMMENTS = YES;
				CLANG_WARN_EMPTY_BODY = YES;
				CLANG_WARN_ENUM_CONVERSION = YES;
				CLANG_WARN_INFINITE_RECURSION = YES;
				CLANG_WARN_INT_CONVERSION = YES;
				CLANG_WARN_NON_LITERAL_NULL_CONVERSION = YES;
				CLANG_WARN_OBJC_IMPLICIT_RETAIN_SELF = YES;
				CLANG_WARN_OBJC_LITERAL_CONVERSION = YES;
				CLANG_WARN_OBJC_ROOT_CLASS = YES_ERROR;
				CLANG_WARN_RANGE_LOOP_ANALYSIS = YES;
				CLANG_WARN_STRICT_PROTOTYPES = YES;
				CLANG_WARN_SUSPICIOUS_MOVE = YES;
				CLANG_WARN_UNGUARDED_AVAILABILITY = YES_AGGRESSIVE;
				CLANG_WARN_UNREACHABLE_CODE = YES;
				CLANG_WARN__DUPLICATE_METHOD_MATCH = YES;
				COPY_PHASE_STRIP = NO;
				DEBUG_INFORMATION_FORMAT = "dwarf-with-dsym";
				ENABLE_NS_ASSERTIONS = NO;
				ENABLE_STRICT_OBJC_MSGSEND = YES;
				GCC_C_LANGUAGE_STANDARD = gnu11;
				GCC_NO_COMMON_BLOCKS = YES;
				GCC_WARN_64_TO_32_BIT_CONVERSION = YES;
				GCC_WARN_ABOUT_RETURN_TYPE = YES_ERROR;
				GCC_WARN_UNDECLARED_SELECTOR = YES;
				GCC_WARN_UNINITIALIZED_AUTOS = YES_AGGRESSIVE;
				GCC_WARN_UNUSED_FUNCTION = YES;
				GCC_WARN_UNUSED_VARIABLE = YES;
				IPHONEOS_DEPLOYMENT_TARGET = 13.2;
				MTL_ENABLE_DEBUG_INFO = NO;
				MTL_FAST_MATH = YES;
				SDKROOT = iphoneos;
				SWIFT_COMPILATION_MODE = wholemodule;
				SWIFT_OPTIMIZATION_LEVEL = "-O";
				VALIDATE_PRODUCT = YES;
			};
			name = Release;
		};
		D1B978D823F9C95E001C8EA4 /* Debug */ = {
			isa = XCBuildConfiguration;
			buildSettings = {
				ASSETCATALOG_COMPILER_APPICON_NAME = AppIcon;
				CODE_SIGN_STYLE = Automatic;
				DEVELOPMENT_TEAM = C7L7KU246T;
				INFOPLIST_FILE = DarkModeSwitchRedux/Info.plist;
				LD_RUNPATH_SEARCH_PATHS = (
					"$(inherited)",
					"@executable_path/Frameworks",
				);
				PRODUCT_BUNDLE_IDENTIFIER = jay.DarkModeSwitchRedux;
				PRODUCT_NAME = "$(TARGET_NAME)";
				SWIFT_VERSION = 5.0;
				TARGETED_DEVICE_FAMILY = "1,2";
			};
			name = Debug;
		};
		D1B978D923F9C95E001C8EA4 /* Release */ = {
			isa = XCBuildConfiguration;
			buildSettings = {
				ASSETCATALOG_COMPILER_APPICON_NAME = AppIcon;
				CODE_SIGN_STYLE = Automatic;
				DEVELOPMENT_TEAM = C7L7KU246T;
				INFOPLIST_FILE = DarkModeSwitchRedux/Info.plist;
				LD_RUNPATH_SEARCH_PATHS = (
					"$(inherited)",
					"@executable_path/Frameworks",
				);
				PRODUCT_BUNDLE_IDENTIFIER = jay.DarkModeSwitchRedux;
				PRODUCT_NAME = "$(TARGET_NAME)";
				SWIFT_VERSION = 5.0;
				TARGETED_DEVICE_FAMILY = "1,2";
			};
			name = Release;
		};
/* End XCBuildConfiguration section */

/* Begin XCConfigurationList section */
		D1B978BE23F9C95D001C8EA4 /* Build configuration list for PBXProject "DarkModeSwitchRedux" */ = {
			isa = XCConfigurationList;
			buildConfigurations = (
				D1B978D523F9C95E001C8EA4 /* Debug */,
				D1B978D623F9C95E001C8EA4 /* Release */,
			);
			defaultConfigurationIsVisible = 0;
			defaultConfigurationName = Release;
		};
		D1B978D723F9C95E001C8EA4 /* Build configuration list for PBXNativeTarget "DarkModeSwitchRedux" */ = {
			isa = XCConfigurationList;
			buildConfigurations = (
				D1B978D823F9C95E001C8EA4 /* Debug */,
				D1B978D923F9C95E001C8EA4 /* Release */,
			);
			defaultConfigurationIsVisible = 0;
			defaultConfigurationName = Release;
		};
/* End XCConfigurationList section */
	};
	rootObject = D1B978BB23F9C95D001C8EA4 /* Project object */;
}
